
Microsoft Visual Studio Solution File, Format Version 12.00
# Visual Studio Version 17
VisualStudioVersion = 17.0.31903.59
MinimumVisualStudioVersion = 10.0.40219.1
Project("{FAE04EC0-301F-11D3-BF4B-00C04F79EFBC}") = "Lab21", "Lab21\Lab21.csproj", "{BAF8F95E-12D4-4997-953E-EB8D1160B1C5}"
EndProject
Global
	GlobalSection(SolutionConfigurationPlatforms) = preSolution
		Debug|Any CPU = Debug|Any CPU
		Release|Any CPU = Release|Any CPU
	EndGlobalSection
	GlobalSection(ProjectConfigurationPlatforms) = postSolution
		{BAF8F95E-12D4-4997-953E-EB8D1160B1C5}.Debug|Any CPU.ActiveCfg = Debug|Any CPU
		{BAF8F95E-12D4-4997-953E-EB8D1160B1C5}.Debug|Any CPU.Build.0 = Debug|Any CPU
		{BAF8F95E-12D4-4997-953E-EB8D1160B1C5}.Release|Any CPU.ActiveCfg = Release|Any CPU
		{BAF8F95E-12D4-4997-953E-EB8D1160B1C5}.Release|Any CPU.Build.0 = Release|Any CPU
	EndGlobalSection
	GlobalSection(SolutionProperties) = preSolution
		HideSolutionNode = FALSE
	EndGlobalSection
	GlobalSection(ExtensibilityGlobals) = postSolution
		SolutionGuid = {2358AD0F-F254-461B-92B6-8394D6219DDC}
	EndGlobalSection
EndGlobal
